
Microsoft Visual Studio Solution File, Format Version 12.00
# Visual Studio 15
VisualStudioVersion = 15.0.28307.572
MinimumVisualStudioVersion = 10.0.40219.1
Project("{FAE04EC0-301F-11D3-BF4B-00C04F79EFBC}") = "SerilogSample", "SerilogSample\SerilogSample.csproj", "{1D19BA75-D4DF-4511-9979-B5F6A380E032}"
EndProject
Global
	GlobalSection(SolutionConfigurationPlatforms) = preSolution
		Debug|Any CPU = Debug|Any CPU
		Release|Any CPU = Release|Any CPU
	EndGlobalSection
	GlobalSection(ProjectConfigurationPlatforms) = postSolution
		{1D19BA75-D4DF-4511-9979-B5F6A380E032}.Debug|Any CPU.ActiveCfg = Debug|Any CPU
		{1D19BA75-D4DF-4511-9979-B5F6A380E032}.Debug|Any CPU.Build.0 = Debug|Any CPU
		{1D19BA75-D4DF-4511-9979-B5F6A380E032}.Release|Any CPU.ActiveCfg = Release|Any CPU
		{1D19BA75-D4DF-4511-9979-B5F6A380E032}.Release|Any CPU.Build.0 = Release|Any CPU
	EndGlobalSection
	GlobalSection(SolutionProperties) = preSolution
		HideSolutionNode = FALSE
	EndGlobalSection
	GlobalSection(ExtensibilityGlobals) = postSolution
		SolutionGuid = {79B14E71-A52F-460E-9FB7-1F54E80C35D7}
	EndGlobalSection
EndGlobal
